
Microsoft Visual Studio Solution File, Format Version 12.00
# Visual Studio Version 17
VisualStudioVersion = 17.0.31903.59
MinimumVisualStudioVersion = 10.0.40219.1
Project("{FAE04EC0-301F-11D3-BF4B-00C04F79EFBC}") = "WHLSite", "WHLSite\WHLSite.csproj", "{2D1E0181-A6CA-4561-92A9-0A59F2E98FB6}"
EndProject
Project("{FAE04EC0-301F-11D3-BF4B-00C04F79EFBC}") = "WHLSite.Tests", "WHLSite.Tests\WHLSite.Tests.csproj", "{05040E3C-8862-4956-A18C-EEC5895BD819}"
EndProject
Project("{FAE04EC0-301F-11D3-BF4B-00C04F79EFBC}") = "WHLSite.Common", "WHLSite.Common\WHLSite.Common.csproj", "{9F543E8D-5741-46D8-9E49-AA7BC0D20239}"
EndProject
Global
	GlobalSection(SolutionConfigurationPlatforms) = preSolution
		Debug|Any CPU = Debug|Any CPU
		Release|Any CPU = Release|Any CPU
	EndGlobalSection
	GlobalSection(SolutionProperties) = preSolution
		HideSolutionNode = FALSE
	EndGlobalSection
	GlobalSection(ProjectConfigurationPlatforms) = postSolution
		{2D1E0181-A6CA-4561-92A9-0A59F2E98FB6}.Debug|Any CPU.ActiveCfg = Debug|Any CPU
		{2D1E0181-A6CA-4561-92A9-0A59F2E98FB6}.Debug|Any CPU.Build.0 = Debug|Any CPU
		{2D1E0181-A6CA-4561-92A9-0A59F2E98FB6}.Release|Any CPU.ActiveCfg = Release|Any CPU
		{2D1E0181-A6CA-4561-92A9-0A59F2E98FB6}.Release|Any CPU.Build.0 = Release|Any CPU
		{05040E3C-8862-4956-A18C-EEC5895BD819}.Debug|Any CPU.ActiveCfg = Debug|Any CPU
		{05040E3C-8862-4956-A18C-EEC5895BD819}.Debug|Any CPU.Build.0 = Debug|Any CPU
		{05040E3C-8862-4956-A18C-EEC5895BD819}.Release|Any CPU.ActiveCfg = Release|Any CPU
		{05040E3C-8862-4956-A18C-EEC5895BD819}.Release|Any CPU.Build.0 = Release|Any CPU
		{9F543E8D-5741-46D8-9E49-AA7BC0D20239}.Debug|Any CPU.ActiveCfg = Debug|Any CPU
		{9F543E8D-5741-46D8-9E49-AA7BC0D20239}.Debug|Any CPU.Build.0 = Debug|Any CPU
		{9F543E8D-5741-46D8-9E49-AA7BC0D20239}.Release|Any CPU.ActiveCfg = Release|Any CPU
		{9F543E8D-5741-46D8-9E49-AA7BC0D20239}.Release|Any CPU.Build.0 = Release|Any CPU
	EndGlobalSection
EndGlobal
